
Microsoft Visual Studio Solution File, Format Version 12.00
# Visual Studio Version 17
VisualStudioVersion = 17.10.34928.147
MinimumVisualStudioVersion = 10.0.40219.1
Project("{FAE04EC0-301F-11D3-BF4B-00C04F79EFBC}") = "DrivingSchool", "DrivingSchool.csproj", "{9CCCD14D-EC6F-4F3D-8178-4191D0D3B88C}"
EndProject
Global
	GlobalSection(SolutionConfigurationPlatforms) = preSolution
		Debug|Any CPU = Debug|Any CPU
		Release|Any CPU = Release|Any CPU
	EndGlobalSection
	GlobalSection(ProjectConfigurationPlatforms) = postSolution
		{9CCCD14D-EC6F-4F3D-8178-4191D0D3B88C}.Debug|Any CPU.ActiveCfg = Debug|Any CPU
		{9CCCD14D-EC6F-4F3D-8178-4191D0D3B88C}.Debug|Any CPU.Build.0 = Debug|Any CPU
		{9CCCD14D-EC6F-4F3D-8178-4191D0D3B88C}.Release|Any CPU.ActiveCfg = Release|Any CPU
		{9CCCD14D-EC6F-4F3D-8178-4191D0D3B88C}.Release|Any CPU.Build.0 = Release|Any CPU
	EndGlobalSection
	GlobalSection(SolutionProperties) = preSolution
		HideSolutionNode = FALSE
	EndGlobalSection
	GlobalSection(ExtensibilityGlobals) = postSolution
		SolutionGuid = {EBB0BC7B-BF09-4021-912E-88DD6896DFC0}
	EndGlobalSection
EndGlobal
